
Microsoft Visual Studio Solution File, Format Version 12.00
# Visual Studio 15
VisualStudioVersion = 15.0.27004.2002
MinimumVisualStudioVersion = 10.0.40219.1
Project("{8BC9CEB8-8B4A-11D0-8D11-00A0C91BC942}") = "BJ_10451_permiutationsCycle", "BJ_10451_permiutationsCycle\BJ_10451_permiutationsCycle.vcxproj", "{FBB1F36A-519D-4528-AEFC-C55CE98275FF}"
EndProject
Global
	GlobalSection(SolutionConfigurationPlatforms) = preSolution
		Debug|x64 = Debug|x64
		Debug|x86 = Debug|x86
		Release|x64 = Release|x64
		Release|x86 = Release|x86
	EndGlobalSection
	GlobalSection(ProjectConfigurationPlatforms) = postSolution
		{FBB1F36A-519D-4528-AEFC-C55CE98275FF}.Debug|x64.ActiveCfg = Debug|x64
		{FBB1F36A-519D-4528-AEFC-C55CE98275FF}.Debug|x64.Build.0 = Debug|x64
		{FBB1F36A-519D-4528-AEFC-C55CE98275FF}.Debug|x86.ActiveCfg = Debug|Win32
		{FBB1F36A-519D-4528-AEFC-C55CE98275FF}.Debug|x86.Build.0 = Debug|Win32
		{FBB1F36A-519D-4528-AEFC-C55CE98275FF}.Release|x64.ActiveCfg = Release|x64
		{FBB1F36A-519D-4528-AEFC-C55CE98275FF}.Release|x64.Build.0 = Release|x64
		{FBB1F36A-519D-4528-AEFC-C55CE98275FF}.Release|x86.ActiveCfg = Release|Win32
		{FBB1F36A-519D-4528-AEFC-C55CE98275FF}.Release|x86.Build.0 = Release|Win32
	EndGlobalSection
	GlobalSection(SolutionProperties) = preSolution
		HideSolutionNode = FALSE
	EndGlobalSection
	GlobalSection(ExtensibilityGlobals) = postSolution
		SolutionGuid = {F564A5F7-4D1E-4DF7-8BEE-A751107DDA80}
	EndGlobalSection
EndGlobal
