
Microsoft Visual Studio Solution File, Format Version 12.00
# Visual Studio 15
VisualStudioVersion = 15.0.27004.2002
MinimumVisualStudioVersion = 10.0.40219.1
Project("{8BC9CEB8-8B4A-11D0-8D11-00A0C91BC942}") = "BJ_2579_ClimbStairs", "BJ_2579_ClimbStairs\BJ_2579_ClimbStairs.vcxproj", "{1C1E7BC1-9215-4ACA-9BD8-E381C177123D}"
EndProject
Global
	GlobalSection(SolutionConfigurationPlatforms) = preSolution
		Debug|x64 = Debug|x64
		Debug|x86 = Debug|x86
		Release|x64 = Release|x64
		Release|x86 = Release|x86
	EndGlobalSection
	GlobalSection(ProjectConfigurationPlatforms) = postSolution
		{1C1E7BC1-9215-4ACA-9BD8-E381C177123D}.Debug|x64.ActiveCfg = Debug|x64
		{1C1E7BC1-9215-4ACA-9BD8-E381C177123D}.Debug|x64.Build.0 = Debug|x64
		{1C1E7BC1-9215-4ACA-9BD8-E381C177123D}.Debug|x86.ActiveCfg = Debug|Win32
		{1C1E7BC1-9215-4ACA-9BD8-E381C177123D}.Debug|x86.Build.0 = Debug|Win32
		{1C1E7BC1-9215-4ACA-9BD8-E381C177123D}.Release|x64.ActiveCfg = Release|x64
		{1C1E7BC1-9215-4ACA-9BD8-E381C177123D}.Release|x64.Build.0 = Release|x64
		{1C1E7BC1-9215-4ACA-9BD8-E381C177123D}.Release|x86.ActiveCfg = Release|Win32
		{1C1E7BC1-9215-4ACA-9BD8-E381C177123D}.Release|x86.Build.0 = Release|Win32
	EndGlobalSection
	GlobalSection(SolutionProperties) = preSolution
		HideSolutionNode = FALSE
	EndGlobalSection
	GlobalSection(ExtensibilityGlobals) = postSolution
		SolutionGuid = {21D3407A-14EE-401E-93E8-5AE4E1BC1AA8}
	EndGlobalSection
EndGlobal
